{
  "version": 4,
  "terraform_version": "1.14.6",
  "serial": 41,
  "lineage": "b159284c-2067-eb22-511a-d668d05198b3",
  "outputs": {
    "mysql_fqdn": {
      "value": "database12345unique.mysql.database.azure.com",
      "type": "string"
    },
    "vm_public_ip": {
      "value": "104.208.88.29",
      "type": "string"
    }
  },
  "resources": [
    {
      "mode": "managed",
      "type": "azurerm_linux_virtual_machine",
      "name": "vm",
      "provider": "provider[\"registry.terraform.io/hashicorp/azurerm\"]",
      "instances": [
        {
          "schema_version": 0,
          "attributes": {
            "additional_capabilities": [],
            "admin_password": "Password123!",
            "admin_ssh_key": [],
            "admin_username": "azureuser",
            "allow_extension_operations": true,
            "availability_set_id": "",
            "boot_diagnostics": [],
            "bypass_platform_safety_checks_on_user_schedule_enabled": false,
            "capacity_reservation_group_id": "",
            "computer_name": "MyAppVM",
            "custom_data": "IyEvYmluL2Jhc2gKZXhlYyA+IC92YXIvbG9nL3NldHVwLmxvZyAyPiYxCgplY2hvICJTdGFydGluZyBzZXR1cC4uLiIKCiMgLS0tLS0tLS0tLSBWYWx1ZXMgZnJvbSBUZXJyYWZvcm0gLS0tLS0tLS0tLQpEQl9IT1NUPSJkYXRhYmFzZTEyMzQ1dW5pcXVlLm15c3FsLmRhdGFiYXNlLmF6dXJlLmNvbSIKREJfVVNFUj0ib3JkaW5hcnkiCkRCX1BBU1NXT1JEPSJTdHJvbmdQYXNzIzEyMyIKREJfTkFNRT0ic3R1ZGVudGRiIgoKIyAtLS0tLS0tLS0tIFBlcnNpc3QgRU5WIGdsb2JhbGx5IC0tLS0tLS0tLS0KY2F0IDw8RU9GID4gL2V0Yy9wcm9maWxlLmQvYXBwX2Vudi5zaApleHBvcnQgREJfSE9TVD0iZGF0YWJhc2UxMjM0NXVuaXF1ZS5teXNxbC5kYXRhYmFzZS5henVyZS5jb20iCmV4cG9ydCBEQl9VU0VSPSJvcmRpbmFyeSIKZXhwb3J0IERCX1BBU1NXT1JEPSJTdHJvbmdQYXNzIzEyMyIKZXhwb3J0IERCX05BTUU9InN0dWRlbnRkYiIKRU9GCgpjaG1vZCAreCAvZXRjL3Byb2ZpbGUuZC9hcHBfZW52LnNoCnNvdXJjZSAvZXRjL3Byb2ZpbGUuZC9hcHBfZW52LnNoCgojIEFsc28gZm9yIG5vbi1sb2dpbiBzZXJ2aWNlcwplY2hvICJEQl9IT1NUPWRhdGFiYXNlMTIzNDV1bmlxdWUubXlzcWwuZGF0YWJhc2UuYXp1cmUuY29tIiA+PiAvZXRjL2Vudmlyb25tZW50CmVjaG8gIkRCX1VTRVI9b3JkaW5hcnkiID4+IC9ldGMvZW52aXJvbm1lbnQKZWNobyAiREJfUEFTU1dPUkQ9U3Ryb25nUGFzcyMxMjMiID4+IC9ldGMvZW52aXJvbm1lbnQKZWNobyAiREJfTkFNRT1zdHVkZW50ZGIiID4+IC9ldGMvZW52aXJvbm1lbnQKCmVjaG8gIkVOViB2YXJpYWJsZXMgY29uZmlndXJlZCIKCiMgLS0tLS0tLS0tLSBTeXN0ZW0gc2V0dXAgLS0tLS0tLS0tLQphcHQgdXBkYXRlIC15ICYmIGFwdCB1cGdyYWRlIC15CmFwdCBpbnN0YWxsIC15IHB5dGhvbjMgcHl0aG9uMy1waXAgbXlzcWwtY2xpZW50CgojIC0tLS0tLS0tLS0gQXBwIGRpcmVjdG9yeSAtLS0tLS0tLS0tCkFQUF9ESVI9L2hvbWUvYXp1cmV1c2VyL3N0dWRlbnQtYXBwCm1rZGlyIC1wIC9ob21lL2F6dXJldXNlci9zdHVkZW50LWFwcApjZCAvaG9tZS9henVyZXVzZXIvc3R1ZGVudC1hcHAKCiMgLS0tLS0tLS0tLSBQeXRob24gcGFja2FnZXMgLS0tLS0tLS0tLQpwaXAzIGluc3RhbGwgZmxhc2sgZmxhc2stc3FsYWxjaGVteSBweW15c3FsIGd1bmljb3JuCgojIC0tLS0tLS0tLS0gY29uZmlnLnB5IChFTlYgQkFTRUQpIC0tLS0tLS0tLS0KY2F0IDw8RU9GID4gY29uZmlnLnB5CmltcG9ydCBvcwoKY2xhc3MgQ29uZmlnOgogICAgREJfSE9TVCAgICAgPSBvcy5lbnZpcm9uLmdldCgiREJfSE9TVCIpCiAgICBEQl9VU0VSICAgICA9IG9zLmVudmlyb24uZ2V0KCJEQl9VU0VSIikKICAgIERCX1BBU1NXT1JEID0gb3MuZW52aXJvbi5nZXQoIkRCX1BBU1NXT1JEIikKICAgIERCX05BTUUgICAgID0gb3MuZW52aXJvbi5nZXQoIkRCX05BTUUiKQoKICAgIFNRTEFMQ0hFTVlfREFUQUJBU0VfVVJJID0gKAogICAgICAgIGYibXlzcWwrcHlteXNxbDovL3tEQl9VU0VSfTp7REJfUEFTU1dPUkR9QHtEQl9IT1NUfS97REJfTkFNRX0iCiAgICAgICAgIj9zc2xfY2E9L2V0Yy9zc2wvY2VydHMvY2EtY2VydGlmaWNhdGVzLmNydCIKICAgICkKICAgIFNRTEFMQ0hFTVlfVFJBQ0tfTU9ESUZJQ0FUSU9OUyA9IEZhbHNlCkVPRgoKIyAtLS0tLS0tLS0tIGFwcC5weSAtLS0tLS0tLS0tCmNhdCA8PCdFT0YnID4gYXBwLnB5CmZyb20gZmxhc2sgaW1wb3J0IEZsYXNrLCByZXF1ZXN0LCBqc29uaWZ5CmZyb20gZmxhc2tfc3FsYWxjaGVteSBpbXBvcnQgU1FMQWxjaGVteQpmcm9tIGNvbmZpZyBpbXBvcnQgQ29uZmlnCgphcHAgPSBGbGFzayhfX25hbWVfXykKYXBwLmNvbmZpZy5mcm9tX29iamVjdChDb25maWcpCmRiICA9IFNRTEFsY2hlbXkoYXBwKQoKY2xhc3MgU3R1ZGVudChkYi5Nb2RlbCk6CiAgICBfX3RhYmxlbmFtZV9fID0gJ3N0dWRlbnRzJwogICAgaWQgICAgID0gZGIuQ29sdW1uKGRiLkludGVnZXIsIHByaW1hcnlfa2V5PVRydWUsIGF1dG9pbmNyZW1lbnQ9VHJ1ZSkKICAgIG5hbWUgICA9IGRiLkNvbHVtbihkYi5TdHJpbmcoMTAwKSwgbnVsbGFibGU9RmFsc2UpCiAgICBlbWFpbCAgPSBkYi5Db2x1bW4oZGIuU3RyaW5nKDEyMCksIHVuaXF1ZT1UcnVlLCBudWxsYWJsZT1GYWxzZSkKICAgIGNvdXJzZSA9IGRiLkNvbHVtbihkYi5TdHJpbmcoMTAwKSwgZGVmYXVsdD0nR2VuZXJhbCcpCgogICAgZGVmIHRvX2RpY3Qoc2VsZik6CiAgICAgICAgcmV0dXJuIHsnaWQnOnNlbGYuaWQsJ25hbWUnOnNlbGYubmFtZSwnZW1haWwnOnNlbGYuZW1haWwsJ2NvdXJzZSc6c2VsZi5jb3Vyc2V9CgpAYXBwLnJvdXRlKCcvJykKZGVmIGhvbWUoKToKICAgIHJldHVybiBqc29uaWZ5KHsnbWVzc2FnZSc6ICdTdHVkZW50IFJlZ2lzdHJhdGlvbiBBUEkgaXMgcnVubmluZyBvbiBBenVyZSEnfSkKCkBhcHAucm91dGUoJy9zdHVkZW50cycsIG1ldGhvZHM9WydHRVQnXSkKZGVmIGdldF9hbGxfc3R1ZGVudHMoKToKICAgIHJldHVybiBqc29uaWZ5KFtzLnRvX2RpY3QoKSBmb3IgcyBpbiBTdHVkZW50LnF1ZXJ5LmFsbCgpXSkKCkBhcHAucm91dGUoJy9zdHVkZW50cycsIG1ldGhvZHM9WydQT1NUJ10pCmRlZiBhZGRfc3R1ZGVudCgpOgogICAgZGF0YSA9IHJlcXVlc3QuZ2V0X2pzb24oKQogICAgc3R1ZGVudCA9IFN0dWRlbnQobmFtZT1kYXRhWyduYW1lJ10sIGVtYWlsPWRhdGFbJ2VtYWlsJ10sCiAgICAgICAgICAgICAgICAgICAgICBjb3Vyc2U9ZGF0YS5nZXQoJ2NvdXJzZScsJ0dlbmVyYWwnKSkKICAgIGRiLnNlc3Npb24uYWRkKHN0dWRlbnQpCiAgICBkYi5zZXNzaW9uLmNvbW1pdCgpCiAgICByZXR1cm4ganNvbmlmeSh7J21lc3NhZ2UnOidTdHVkZW50IGFkZGVkIScsJ3N0dWRlbnQnOnN0dWRlbnQudG9fZGljdCgpfSksIDIwMQoKaWYgX19uYW1lX18gPT0gJ19fbWFpbl9fJzoKICAgIHdpdGggYXBwLmFwcF9jb250ZXh0KCk6CiAgICAgICAgZGIuY3JlYXRlX2FsbCgpCiAgICBhcHAucnVuKGhvc3Q9JzAuMC4wLjAnLCBwb3J0PTUwMDApCkVPRgoKIyAtLS0tLS0tLS0tIFdhaXQgZm9yIERCIC0tLS0tLS0tLS0Kc2xlZXAgMzAKCiMgLS0tLS0tLS0tLSBDcmVhdGUgREIgLS0tLS0tLS0tLQpteXNxbCAtaCAiJERCX0hPU1QiIC11ICIkREJfVVNFUiIgLXAiJERCX1BBU1NXT1JEIiAtLXNzbC1tb2RlPVJFUVVJUkVEIFwKICAtZSAiQ1JFQVRFIERBVEFCQVNFIElGIE5PVCBFWElTVFMgJERCX05BTUU7IgoKIyAtLS0tLS0tLS0tIFRlc3QgREIgLS0tLS0tLS0tLQpweXRob24zIC0gPDxQWQppbXBvcnQgb3MsIHB5bXlzcWwKY29ubiA9IHB5bXlzcWwuY29ubmVjdCgKICBob3N0PW9zLmVudmlyb25bJ0RCX0hPU1QnXSwKICB1c2VyPW9zLmVudmlyb25bJ0RCX1VTRVInXSwKICBwYXNzd29yZD1vcy5lbnZpcm9uWydEQl9QQVNTV09SRCddLAogIGRhdGFiYXNlPW9zLmVudmlyb25bJ0RCX05BTUUnXSwKICBzc2w9eydzc2xfY2EnOicvZXRjL3NzbC9jZXJ0cy9jYS1jZXJ0aWZpY2F0ZXMuY3J0J30KKQpwcmludCgiREIgQ09OTkVDVCBPSyIpCmNvbm4uY2xvc2UoKQpQWQoKIyAtLS0tLS0tLS0tIFN0YXJ0IGFwcCAtLS0tLS0tLS0tCm5vaHVwIHB5dGhvbjMgYXBwLnB5ID4gYXBwLmxvZyAyPiYxICYKCmVjaG8gIlNldHVwIGNvbXBsZXRlZCI=",
            "dedicated_host_group_id": "",
            "dedicated_host_id": "",
            "disable_password_authentication": false,
            "disk_controller_type": "",
            "edge_zone": "",
            "encryption_at_host_enabled": false,
            "eviction_policy": "",
            "extensions_time_budget": "PT1H30M",
            "gallery_application": [],
            "id": "/subscriptions/c8a748af-8672-4860-996e-2a49763f4e3f/resourceGroups/Uday_rg/providers/Microsoft.Compute/virtualMachines/MyAppVM",
            "identity": [],
            "license_type": "",
            "location": "eastasia",
            "max_bid_price": -1,
            "name": "MyAppVM",
            "network_interface_ids": [
              "/subscriptions/c8a748af-8672-4860-996e-2a49763f4e3f/resourceGroups/Uday_rg/providers/Microsoft.Network/networkInterfaces/app-nic"
            ],
            "os_disk": [
              {
                "caching": "ReadWrite",
                "diff_disk_settings": [],
                "disk_encryption_set_id": "",
                "disk_size_gb": 30,
                "id": "/subscriptions/c8a748af-8672-4860-996e-2a49763f4e3f/resourceGroups/Uday_rg/providers/Microsoft.Compute/disks/MyAppVM_OsDisk_1_2df9a00c70664262b786c97521e228e6",
                "name": "MyAppVM_OsDisk_1_2df9a00c70664262b786c97521e228e6",
                "secure_vm_disk_encryption_set_id": "",
                "security_encryption_type": "",
                "storage_account_type": "Standard_LRS",
                "write_accelerator_enabled": false
              }
            ],
            "os_image_notification": [],
            "os_managed_disk_id": "/subscriptions/c8a748af-8672-4860-996e-2a49763f4e3f/resourceGroups/Uday_rg/providers/Microsoft.Compute/disks/MyAppVM_OsDisk_1_2df9a00c70664262b786c97521e228e6",
            "patch_assessment_mode": "ImageDefault",
            "patch_mode": "ImageDefault",
            "plan": [],
            "platform_fault_domain": -1,
            "priority": "Regular",
            "private_ip_address": "10.0.1.4",
            "private_ip_addresses": [
              "10.0.1.4"
            ],
            "provision_vm_agent": true,
            "proximity_placement_group_id": "",
            "public_ip_address": "104.208.88.29",
            "public_ip_addresses": [
              "104.208.88.29"
            ],
            "reboot_setting": "",
            "resource_group_name": "Uday_rg",
            "secret": [],
            "secure_boot_enabled": false,
            "size": "Standard_D2s_v3",
            "source_image_id": "",
            "source_image_reference": [
              {
                "offer": "0001-com-ubuntu-server-jammy",
                "publisher": "Canonical",
                "sku": "22_04-lts",
                "version": "latest"
              }
            ],
            "tags": null,
            "termination_notification": null,
            "timeouts": null,
            "user_data": "",
            "virtual_machine_id": "b6abe912-556b-46ff-9919-55bb4e86d905",
            "virtual_machine_scale_set_id": "",
            "vm_agent_platform_updates_enabled": true,
            "vtpm_enabled": false,
            "zone": ""
          },
          "sensitive_attributes": [
            [
              {
                "type": "get_attr",
                "value": "admin_password"
              }
            ],
            [
              {
                "type": "get_attr",
                "value": "custom_data"
              }
            ]
          ],
          "identity_schema_version": 0,
          "private": "eyJlMmJmYjczMC1lY2FhLTExZTYtOGY4OC0zNDM2M2JjN2M0YzAiOnsiY3JlYXRlIjoyNzAwMDAwMDAwMDAwLCJkZWxldGUiOjI3MDAwMDAwMDAwMDAsInJlYWQiOjMwMDAwMDAwMDAwMCwidXBkYXRlIjoyNzAwMDAwMDAwMDAwfX0=",
          "dependencies": [
            "azurerm_mysql_flexible_server.mysql",
            "azurerm_network_interface.nic",
            "azurerm_public_ip.public_ip",
            "azurerm_resource_group.rg",
            "azurerm_subnet.public",
            "azurerm_virtual_network.vnet"
          ]
        }
      ]
    },
    {
      "mode": "managed",
      "type": "azurerm_mysql_flexible_server",
      "name": "mysql",
      "provider": "provider[\"registry.terraform.io/hashicorp/azurerm\"]",
      "instances": [
        {
          "schema_version": 0,
          "attributes": {
            "administrator_login": "ordinary",
            "administrator_password": "StrongPass#123",
            "administrator_password_wo": null,
            "administrator_password_wo_version": 0,
            "backup_retention_days": 7,
            "create_mode": null,
            "customer_managed_key": [],
            "delegated_subnet_id": "",
            "fqdn": "database12345unique.mysql.database.azure.com",
            "geo_redundant_backup_enabled": false,
            "high_availability": [],
            "id": "/subscriptions/c8a748af-8672-4860-996e-2a49763f4e3f/resourceGroups/Uday_rg/providers/Microsoft.DBforMySQL/flexibleServers/database12345unique",
            "identity": [],
            "location": "eastasia",
            "maintenance_window": [],
            "name": "database12345unique",
            "point_in_time_restore_time_in_utc": null,
            "private_dns_zone_id": "",
            "public_network_access": "Enabled",
            "public_network_access_enabled": true,
            "replica_capacity": 10,
            "replication_role": "None",
            "resource_group_name": "Uday_rg",
            "sku_name": "B_Standard_B1ms",
            "source_server_id": "",
            "storage": [
              {
                "auto_grow_enabled": true,
                "io_scaling_enabled": false,
                "iops": 360,
                "log_on_disk_enabled": false,
                "size_gb": 20
              }
            ],
            "tags": {},
            "timeouts": null,
            "version": "8.0.21",
            "zone": "1"
          },
          "sensitive_attributes": [
            [
              {
                "type": "get_attr",
                "value": "administrator_password"
              }
            ]
          ],
          "identity_schema_version": 0,
          "identity": {
            "name": "database12345unique",
            "resource_group_name": "Uday_rg",
            "subscription_id": "c8a748af-8672-4860-996e-2a49763f4e3f"
          },
          "private": "eyJlMmJmYjczMC1lY2FhLTExZTYtOGY4OC0zNDM2M2JjN2M0YzAiOnsiY3JlYXRlIjo3MjAwMDAwMDAwMDAwLCJkZWxldGUiOjM2MDAwMDAwMDAwMDAsInJlYWQiOjMwMDAwMDAwMDAwMCwidXBkYXRlIjo3MjAwMDAwMDAwMDAwfX0=",
          "dependencies": [
            "azurerm_resource_group.rg"
          ]
        }
      ]
    },
    {
      "mode": "managed",
      "type": "azurerm_mysql_flexible_server_firewall_rule",
      "name": "allow_vm",
      "provider": "provider[\"registry.terraform.io/hashicorp/azurerm\"]",
      "instances": [
        {
          "schema_version": 0,
          "attributes": {
            "end_ip_address": "104.208.88.29",
            "id": "/subscriptions/c8a748af-8672-4860-996e-2a49763f4e3f/resourceGroups/Uday_rg/providers/Microsoft.DBforMySQL/flexibleServers/database12345unique/firewallRules/Allow-VM-IP",
            "name": "Allow-VM-IP",
            "resource_group_name": "Uday_rg",
            "server_name": "database12345unique",
            "start_ip_address": "104.208.88.29",
            "timeouts": null
          },
          "sensitive_attributes": [],
          "identity_schema_version": 0,
          "identity": {
            "flexible_server_name": "database12345unique",
            "name": "Allow-VM-IP",
            "resource_group_name": "Uday_rg",
            "subscription_id": "c8a748af-8672-4860-996e-2a49763f4e3f"
          },
          "private": "eyJlMmJmYjczMC1lY2FhLTExZTYtOGY4OC0zNDM2M2JjN2M0YzAiOnsiY3JlYXRlIjoxODAwMDAwMDAwMDAwLCJkZWxldGUiOjE4MDAwMDAwMDAwMDAsInJlYWQiOjMwMDAwMDAwMDAwMCwidXBkYXRlIjoxODAwMDAwMDAwMDAwfX0=",
          "dependencies": [
            "azurerm_mysql_flexible_server.mysql",
            "azurerm_public_ip.public_ip",
            "azurerm_resource_group.rg"
          ]
        }
      ]
    },
    {
      "mode": "managed",
      "type": "azurerm_network_interface",
      "name": "nic",
      "provider": "provider[\"registry.terraform.io/hashicorp/azurerm\"]",
      "instances": [
        {
          "schema_version": 0,
          "attributes": {
            "accelerated_networking_enabled": false,
            "applied_dns_servers": [],
            "auxiliary_mode": "",
            "auxiliary_sku": "",
            "dns_servers": [],
            "edge_zone": "",
            "id": "/subscriptions/c8a748af-8672-4860-996e-2a49763f4e3f/resourceGroups/Uday_rg/providers/Microsoft.Network/networkInterfaces/app-nic",
            "internal_dns_name_label": "",
            "internal_domain_name_suffix": "",
            "ip_configuration": [
              {
                "gateway_load_balancer_frontend_ip_configuration_id": "",
                "name": "internal",
                "primary": true,
                "private_ip_address": "10.0.1.4",
                "private_ip_address_allocation": "Dynamic",
                "private_ip_address_version": "IPv4",
                "public_ip_address_id": "/subscriptions/c8a748af-8672-4860-996e-2a49763f4e3f/resourceGroups/Uday_rg/providers/Microsoft.Network/publicIPAddresses/MyAppVM-ip",
                "subnet_id": "/subscriptions/c8a748af-8672-4860-996e-2a49763f4e3f/resourceGroups/Uday_rg/providers/Microsoft.Network/virtualNetworks/UdayVNet/subnets/PublicSubnet"
              }
            ],
            "ip_forwarding_enabled": false,
            "location": "eastasia",
            "mac_address": "00-22-48-15-C4-2E",
            "name": "app-nic",
            "private_ip_address": "10.0.1.4",
            "private_ip_addresses": [
              "10.0.1.4"
            ],
            "resource_group_name": "Uday_rg",
            "tags": {},
            "timeouts": null,
            "virtual_machine_id": ""
          },
          "sensitive_attributes": [],
          "identity_schema_version": 0,
          "identity": {
            "name": "app-nic",
            "resource_group_name": "Uday_rg",
            "subscription_id": "c8a748af-8672-4860-996e-2a49763f4e3f"
          },
          "private": "eyJlMmJmYjczMC1lY2FhLTExZTYtOGY4OC0zNDM2M2JjN2M0YzAiOnsiY3JlYXRlIjoxODAwMDAwMDAwMDAwLCJkZWxldGUiOjE4MDAwMDAwMDAwMDAsInJlYWQiOjMwMDAwMDAwMDAwMCwidXBkYXRlIjoxODAwMDAwMDAwMDAwfX0=",
          "dependencies": [
            "azurerm_public_ip.public_ip",
            "azurerm_resource_group.rg",
            "azurerm_subnet.public",
            "azurerm_virtual_network.vnet"
          ]
        }
      ]
    },
    {
      "mode": "managed",
      "type": "azurerm_network_interface_security_group_association",
      "name": "assoc",
      "provider": "provider[\"registry.terraform.io/hashicorp/azurerm\"]",
      "instances": [
        {
          "schema_version": 0,
          "attributes": {
            "id": "/subscriptions/c8a748af-8672-4860-996e-2a49763f4e3f/resourceGroups/Uday_rg/providers/Microsoft.Network/networkInterfaces/app-nic|/subscriptions/c8a748af-8672-4860-996e-2a49763f4e3f/resourceGroups/Uday_rg/providers/Microsoft.Network/networkSecurityGroups/Appnsg",
            "network_interface_id": "/subscriptions/c8a748af-8672-4860-996e-2a49763f4e3f/resourceGroups/Uday_rg/providers/Microsoft.Network/networkInterfaces/app-nic",
            "network_security_group_id": "/subscriptions/c8a748af-8672-4860-996e-2a49763f4e3f/resourceGroups/Uday_rg/providers/Microsoft.Network/networkSecurityGroups/Appnsg",
            "timeouts": null
          },
          "sensitive_attributes": [],
          "identity_schema_version": 0,
          "private": "eyJlMmJmYjczMC1lY2FhLTExZTYtOGY4OC0zNDM2M2JjN2M0YzAiOnsiY3JlYXRlIjoxODAwMDAwMDAwMDAwLCJkZWxldGUiOjE4MDAwMDAwMDAwMDAsInJlYWQiOjMwMDAwMDAwMDAwMH19",
          "dependencies": [
            "azurerm_network_interface.nic",
            "azurerm_network_security_group.app_nsg",
            "azurerm_public_ip.public_ip",
            "azurerm_resource_group.rg",
            "azurerm_subnet.public",
            "azurerm_virtual_network.vnet"
          ]
        }
      ]
    },
    {
      "mode": "managed",
      "type": "azurerm_network_security_group",
      "name": "app_nsg",
      "provider": "provider[\"registry.terraform.io/hashicorp/azurerm\"]",
      "instances": [
        {
          "schema_version": 0,
          "attributes": {
            "id": "/subscriptions/c8a748af-8672-4860-996e-2a49763f4e3f/resourceGroups/Uday_rg/providers/Microsoft.Network/networkSecurityGroups/Appnsg",
            "location": "eastasia",
            "name": "Appnsg",
            "resource_group_name": "Uday_rg",
            "security_rule": [
              {
                "access": "Allow",
                "description": "",
                "destination_address_prefix": "*",
                "destination_address_prefixes": [],
                "destination_application_security_group_ids": [],
                "destination_port_range": "22",
                "destination_port_ranges": [],
                "direction": "Inbound",
                "name": "Allow-SSH",
                "priority": 100,
                "protocol": "Tcp",
                "source_address_prefix": "*",
                "source_address_prefixes": [],
                "source_application_security_group_ids": [],
                "source_port_range": "*",
                "source_port_ranges": []
              },
              {
                "access": "Allow",
                "description": "",
                "destination_address_prefix": "*",
                "destination_address_prefixes": [],
                "destination_application_security_group_ids": [],
                "destination_port_range": "5000",
                "destination_port_ranges": [],
                "direction": "Inbound",
                "name": "Allow-Flask",
                "priority": 110,
                "protocol": "Tcp",
                "source_address_prefix": "*",
                "source_address_prefixes": [],
                "source_application_security_group_ids": [],
                "source_port_range": "*",
                "source_port_ranges": []
              },
              {
                "access": "Allow",
                "description": "",
                "destination_address_prefix": "*",
                "destination_address_prefixes": [],
                "destination_application_security_group_ids": [],
                "destination_port_range": "80",
                "destination_port_ranges": [],
                "direction": "Inbound",
                "name": "Allow-HTTP",
                "priority": 120,
                "protocol": "Tcp",
                "source_address_prefix": "*",
                "source_address_prefixes": [],
                "source_application_security_group_ids": [],
                "source_port_range": "*",
                "source_port_ranges": []
              }
            ],
            "tags": {},
            "timeouts": null
          },
          "sensitive_attributes": [],
          "identity_schema_version": 0,
          "identity": {
            "name": "Appnsg",
            "resource_group_name": "Uday_rg",
            "subscription_id": "c8a748af-8672-4860-996e-2a49763f4e3f"
          },
          "private": "eyJlMmJmYjczMC1lY2FhLTExZTYtOGY4OC0zNDM2M2JjN2M0YzAiOnsiY3JlYXRlIjoxODAwMDAwMDAwMDAwLCJkZWxldGUiOjE4MDAwMDAwMDAwMDAsInJlYWQiOjMwMDAwMDAwMDAwMCwidXBkYXRlIjoxODAwMDAwMDAwMDAwfX0=",
          "dependencies": [
            "azurerm_resource_group.rg"
          ]
        }
      ]
    },
    {
      "mode": "managed",
      "type": "azurerm_public_ip",
      "name": "public_ip",
      "provider": "provider[\"registry.terraform.io/hashicorp/azurerm\"]",
      "instances": [
        {
          "schema_version": 0,
          "attributes": {
            "allocation_method": "Static",
            "ddos_protection_mode": "VirtualNetworkInherited",
            "ddos_protection_plan_id": null,
            "domain_name_label": "",
            "domain_name_label_scope": "",
            "edge_zone": "",
            "fqdn": "",
            "id": "/subscriptions/c8a748af-8672-4860-996e-2a49763f4e3f/resourceGroups/Uday_rg/providers/Microsoft.Network/publicIPAddresses/MyAppVM-ip",
            "idle_timeout_in_minutes": 4,
            "ip_address": "104.208.88.29",
            "ip_tags": {},
            "ip_version": "IPv4",
            "location": "eastasia",
            "name": "MyAppVM-ip",
            "public_ip_prefix_id": null,
            "resource_group_name": "Uday_rg",
            "reverse_fqdn": "",
            "sku": "Standard",
            "sku_tier": "Regional",
            "tags": {},
            "timeouts": null,
            "zones": []
          },
          "sensitive_attributes": [],
          "identity_schema_version": 0,
          "identity": {
            "name": "MyAppVM-ip",
            "resource_group_name": "Uday_rg",
            "subscription_id": "c8a748af-8672-4860-996e-2a49763f4e3f"
          },
          "private": "eyJlMmJmYjczMC1lY2FhLTExZTYtOGY4OC0zNDM2M2JjN2M0YzAiOnsiY3JlYXRlIjoxODAwMDAwMDAwMDAwLCJkZWxldGUiOjE4MDAwMDAwMDAwMDAsInJlYWQiOjMwMDAwMDAwMDAwMCwidXBkYXRlIjoxODAwMDAwMDAwMDAwfX0=",
          "dependencies": [
            "azurerm_resource_group.rg"
          ]
        }
      ]
    },
    {
      "mode": "managed",
      "type": "azurerm_resource_group",
      "name": "rg",
      "provider": "provider[\"registry.terraform.io/hashicorp/azurerm\"]",
      "instances": [
        {
          "schema_version": 0,
          "attributes": {
            "id": "/subscriptions/c8a748af-8672-4860-996e-2a49763f4e3f/resourceGroups/Uday_rg",
            "location": "eastasia",
            "managed_by": "",
            "name": "Uday_rg",
            "tags": {},
            "timeouts": null
          },
          "sensitive_attributes": [],
          "identity_schema_version": 0,
          "identity": {
            "name": "Uday_rg",
            "subscription_id": "c8a748af-8672-4860-996e-2a49763f4e3f"
          },
          "private": "eyJlMmJmYjczMC1lY2FhLTExZTYtOGY4OC0zNDM2M2JjN2M0YzAiOnsiY3JlYXRlIjo1NDAwMDAwMDAwMDAwLCJkZWxldGUiOjU0MDAwMDAwMDAwMDAsInJlYWQiOjMwMDAwMDAwMDAwMCwidXBkYXRlIjo1NDAwMDAwMDAwMDAwfX0="
        }
      ]
    },
    {
      "mode": "managed",
      "type": "azurerm_subnet",
      "name": "private",
      "provider": "provider[\"registry.terraform.io/hashicorp/azurerm\"]",
      "instances": [
        {
          "schema_version": 0,
          "attributes": {
            "address_prefixes": [
              "10.0.2.0/24"
            ],
            "default_outbound_access_enabled": true,
            "delegation": [],
            "id": "/subscriptions/c8a748af-8672-4860-996e-2a49763f4e3f/resourceGroups/Uday_rg/providers/Microsoft.Network/virtualNetworks/UdayVNet/subnets/PrivateSubnet",
            "ip_address_pool": [],
            "name": "PrivateSubnet",
            "private_endpoint_network_policies": "Disabled",
            "private_link_service_network_policies_enabled": true,
            "resource_group_name": "Uday_rg",
            "service_endpoint_policy_ids": [],
            "service_endpoints": [],
            "sharing_scope": "",
            "timeouts": null,
            "virtual_network_name": "UdayVNet"
          },
          "sensitive_attributes": [],
          "identity_schema_version": 0,
          "identity": {
            "name": "PrivateSubnet",
            "resource_group_name": "Uday_rg",
            "subscription_id": "c8a748af-8672-4860-996e-2a49763f4e3f",
            "virtual_network_name": "UdayVNet"
          },
          "private": "eyJlMmJmYjczMC1lY2FhLTExZTYtOGY4OC0zNDM2M2JjN2M0YzAiOnsiY3JlYXRlIjoxODAwMDAwMDAwMDAwLCJkZWxldGUiOjE4MDAwMDAwMDAwMDAsInJlYWQiOjMwMDAwMDAwMDAwMCwidXBkYXRlIjoxODAwMDAwMDAwMDAwfX0=",
          "dependencies": [
            "azurerm_resource_group.rg",
            "azurerm_virtual_network.vnet"
          ]
        }
      ]
    },
    {
      "mode": "managed",
      "type": "azurerm_subnet",
      "name": "public",
      "provider": "provider[\"registry.terraform.io/hashicorp/azurerm\"]",
      "instances": [
        {
          "schema_version": 0,
          "attributes": {
            "address_prefixes": [
              "10.0.1.0/24"
            ],
            "default_outbound_access_enabled": true,
            "delegation": [],
            "id": "/subscriptions/c8a748af-8672-4860-996e-2a49763f4e3f/resourceGroups/Uday_rg/providers/Microsoft.Network/virtualNetworks/UdayVNet/subnets/PublicSubnet",
            "ip_address_pool": [],
            "name": "PublicSubnet",
            "private_endpoint_network_policies": "Disabled",
            "private_link_service_network_policies_enabled": true,
            "resource_group_name": "Uday_rg",
            "service_endpoint_policy_ids": [],
            "service_endpoints": [],
            "sharing_scope": "",
            "timeouts": null,
            "virtual_network_name": "UdayVNet"
          },
          "sensitive_attributes": [],
          "identity_schema_version": 0,
          "identity": {
            "name": "PublicSubnet",
            "resource_group_name": "Uday_rg",
            "subscription_id": "c8a748af-8672-4860-996e-2a49763f4e3f",
            "virtual_network_name": "UdayVNet"
          },
          "private": "eyJlMmJmYjczMC1lY2FhLTExZTYtOGY4OC0zNDM2M2JjN2M0YzAiOnsiY3JlYXRlIjoxODAwMDAwMDAwMDAwLCJkZWxldGUiOjE4MDAwMDAwMDAwMDAsInJlYWQiOjMwMDAwMDAwMDAwMCwidXBkYXRlIjoxODAwMDAwMDAwMDAwfX0=",
          "dependencies": [
            "azurerm_resource_group.rg",
            "azurerm_virtual_network.vnet"
          ]
        }
      ]
    },
    {
      "mode": "managed",
      "type": "azurerm_virtual_network",
      "name": "vnet",
      "provider": "provider[\"registry.terraform.io/hashicorp/azurerm\"]",
      "instances": [
        {
          "schema_version": 0,
          "attributes": {
            "address_space": [
              "10.0.0.0/16"
            ],
            "bgp_community": "",
            "ddos_protection_plan": [],
            "dns_servers": [],
            "edge_zone": "",
            "encryption": [],
            "flow_timeout_in_minutes": 0,
            "guid": "b6a7a4b7-d4cc-4180-82ad-e7041736fb59",
            "id": "/subscriptions/c8a748af-8672-4860-996e-2a49763f4e3f/resourceGroups/Uday_rg/providers/Microsoft.Network/virtualNetworks/UdayVNet",
            "ip_address_pool": [],
            "location": "eastasia",
            "name": "UdayVNet",
            "private_endpoint_vnet_policies": "Disabled",
            "resource_group_name": "Uday_rg",
            "subnet": [
              {
                "address_prefixes": [
                  "10.0.1.0/24"
                ],
                "default_outbound_access_enabled": true,
                "delegation": [],
                "id": "/subscriptions/c8a748af-8672-4860-996e-2a49763f4e3f/resourceGroups/Uday_rg/providers/Microsoft.Network/virtualNetworks/UdayVNet/subnets/PublicSubnet",
                "name": "PublicSubnet",
                "private_endpoint_network_policies": "Disabled",
                "private_link_service_network_policies_enabled": true,
                "route_table_id": "",
                "security_group": "",
                "service_endpoint_policy_ids": [],
                "service_endpoints": []
              },
              {
                "address_prefixes": [
                  "10.0.2.0/24"
                ],
                "default_outbound_access_enabled": true,
                "delegation": [],
                "id": "/subscriptions/c8a748af-8672-4860-996e-2a49763f4e3f/resourceGroups/Uday_rg/providers/Microsoft.Network/virtualNetworks/UdayVNet/subnets/PrivateSubnet",
                "name": "PrivateSubnet",
                "private_endpoint_network_policies": "Disabled",
                "private_link_service_network_policies_enabled": true,
                "route_table_id": "",
                "security_group": "",
                "service_endpoint_policy_ids": [],
                "service_endpoints": []
              }
            ],
            "tags": {},
            "timeouts": null
          },
          "sensitive_attributes": [],
          "identity_schema_version": 0,
          "identity": {
            "name": "UdayVNet",
            "resource_group_name": "Uday_rg",
            "subscription_id": "c8a748af-8672-4860-996e-2a49763f4e3f"
          },
          "private": "eyJlMmJmYjczMC1lY2FhLTExZTYtOGY4OC0zNDM2M2JjN2M0YzAiOnsiY3JlYXRlIjoxODAwMDAwMDAwMDAwLCJkZWxldGUiOjE4MDAwMDAwMDAwMDAsInJlYWQiOjMwMDAwMDAwMDAwMCwidXBkYXRlIjoxODAwMDAwMDAwMDAwfX0=",
          "dependencies": [
            "azurerm_resource_group.rg"
          ]
        }
      ]
    }
  ],
  "check_results": null
}
